PODS:
  - LibTorch (2.1.0):
    - LibTorch/Core (= 2.1.0)
  - LibTorch/Core (2.1.0):
    - LibTorch/Torch
  - LibTorch/Torch (2.1.0)

DEPENDENCIES:
  - LibTorch (~> 2.1.0)

SPEC REPOS:
  trunk:
    - LibTorch

SPEC CHECKSUMS:
  LibTorch: cad2028d9a4daedf1a43f1ea269bc9a3741ce7b0

PODFILE CHECKSUM: c6b4a784832461c2c796d81615fbce70ea4e4f12

COCOAPODS: 1.16.2
